{
  "name": "setupnode",
  "version": "1.0.0",
  "lockfileVersion": 1,
  "requires": true,
  "dependencies": {
    "typescript": {
      "version": "4.0.5",
      "resolved": "https://pkgs.dev.azure.com/infra0488/7df8113f-e1dc-4a1a-a5d4-af822df68300/_packaging/repo-wlp/npm/registry/typescript/-/typescript-4.0.5.tgz",
      "integrity": "sha1-rp3d/RBp8ctb6z7zshcN18EzI4k=",
      "dev": true
    }
  }
}
